<Solution>
  <Project Path="ClinicaOdontologica.Consumer/ClinicaOdontologica.Consumer.csproj" Id="7bca1fe5-eda3-4ed4-8856-09c1a876f302" />
  <Project Path="ClinicaOdontologica.Modelos/ClinicaOdontologica.Modelos.csproj" />
  <Project Path="ClinicaOodontologica.API/ClinicaOodontologica.API.csproj" Id="43e3ab47-c8b1-4ae4-b6ef-112687134b57" />
</Solution>
